
Microsoft Visual Studio Solution File, Format Version 12.00
# Visual Studio Version 16
VisualStudioVersion = 16.0.29926.136
MinimumVisualStudioVersion = 10.0.40219.1
Project("{FAE04EC0-301F-11D3-BF4B-00C04F79EFBC}") = "FoodCourtManagementSystem", "FoodCourtManagementSystem\FoodCourtManagementSystem.csproj", "{B2718E92-B944-4AA2-B938-4CDB6DDA59BD}"
EndProject
Global
	GlobalSection(SolutionConfigurationPlatforms) = preSolution
		Debug|Any CPU = Debug|Any CPU
		Release|Any CPU = Release|Any CPU
	EndGlobalSection
	GlobalSection(ProjectConfigurationPlatforms) = postSolution
		{B2718E92-B944-4AA2-B938-4CDB6DDA59BD}.Debug|Any CPU.ActiveCfg = Debug|Any CPU
		{B2718E92-B944-4AA2-B938-4CDB6DDA59BD}.Debug|Any CPU.Build.0 = Debug|Any CPU
		{B2718E92-B944-4AA2-B938-4CDB6DDA59BD}.Release|Any CPU.ActiveCfg = Release|Any CPU
		{B2718E92-B944-4AA2-B938-4CDB6DDA59BD}.Release|Any CPU.Build.0 = Release|Any CPU
	EndGlobalSection
	GlobalSection(SolutionProperties) = preSolution
		HideSolutionNode = FALSE
	EndGlobalSection
	GlobalSection(ExtensibilityGlobals) = postSolution
		SolutionGuid = {E85DEB5E-75E0-4CDE-86DA-D21E7ADBC025}
	EndGlobalSection
EndGlobal
